github.com/cloudflare/cfssl v0.0.0-20180223231731-4e2dcbde5004/go.mod h1:yMWuSON2oQp+43nFtAV/uvKQIFpSPerB57DCt9t8sSA=
github.com/docker/machine v0.14.0/go.mod h1:I8mPNDeK1uH+JTcUU7X0ZW8KiYz0jyAgNaeSJ1rCfDI=
github.com/docker/machine v0.16.2 h1:jyF9k3Zg+oIGxxSdYKPScyj3HqFZ6FjgA/3sblcASiU=
github.com/docker/machine v0.16.2/go.mod h1:I8mPNDeK1uH+JTcUU7X0ZW8KiYz0jyAgNaeSJ1rCfDI=
github.com/pkg/errors v0.8.0/go.mod h1:bwawxfHBFNV+L2hUp1rHADufV3IMtnDRdf1r5NINEl0=
golang.org/x/sys v0.0.0-20190813064441-fde4db37ae7a/go.mod h1:h1NjWce9XRLGQEsW7wpKNCjG9DtNlClVuFLEZdDNbEs=
